
Microsoft Visual Studio Solution File, Format Version 12.00
# Visual Studio Version 16
VisualStudioVersion = 16.0.30225.117
MinimumVisualStudioVersion = 10.0.40219.1
Project("{FAE04EC0-301F-11D3-BF4B-00C04F79EFBC}") = "HelloThread", "HelloThread\HelloThread.csproj", "{A9B81B2E-045B-423F-AFDC-86F085E96899}"
EndProject
Global
	GlobalSection(SolutionConfigurationPlatforms) = preSolution
		Debug|Any CPU = Debug|Any CPU
		Release|Any CPU = Release|Any CPU
	EndGlobalSection
	GlobalSection(ProjectConfigurationPlatforms) = postSolution
		{A9B81B2E-045B-423F-AFDC-86F085E96899}.Debug|Any CPU.ActiveCfg = Debug|Any CPU
		{A9B81B2E-045B-423F-AFDC-86F085E96899}.Debug|Any CPU.Build.0 = Debug|Any CPU
		{A9B81B2E-045B-423F-AFDC-86F085E96899}.Release|Any CPU.ActiveCfg = Release|Any CPU
		{A9B81B2E-045B-423F-AFDC-86F085E96899}.Release|Any CPU.Build.0 = Release|Any CPU
	EndGlobalSection
	GlobalSection(SolutionProperties) = preSolution
		HideSolutionNode = FALSE
	EndGlobalSection
	GlobalSection(ExtensibilityGlobals) = postSolution
		SolutionGuid = {514ABE03-5A30-4102-AE5B-7194782E1842}
	EndGlobalSection
EndGlobal
